
Microsoft Visual Studio Solution File, Format Version 12.00
# Visual Studio Version 17
VisualStudioVersion = 17.10.34928.147
MinimumVisualStudioVersion = 10.0.40219.1
Project("{FAE04EC0-301F-11D3-BF4B-00C04F79EFBC}") = "Web", "Web\Web.csproj", "{8CD09AE1-1697-4FD2-870D-4118426DD0E8}"
EndProject
Global
	GlobalSection(SolutionConfigurationPlatforms) = preSolution
		Debug|Any CPU = Debug|Any CPU
		Release|Any CPU = Release|Any CPU
	EndGlobalSection
	GlobalSection(ProjectConfigurationPlatforms) = postSolution
		{8CD09AE1-1697-4FD2-870D-4118426DD0E8}.Debug|Any CPU.ActiveCfg = Debug|Any CPU
		{8CD09AE1-1697-4FD2-870D-4118426DD0E8}.Debug|Any CPU.Build.0 = Debug|Any CPU
		{8CD09AE1-1697-4FD2-870D-4118426DD0E8}.Release|Any CPU.ActiveCfg = Release|Any CPU
		{8CD09AE1-1697-4FD2-870D-4118426DD0E8}.Release|Any CPU.Build.0 = Release|Any CPU
	EndGlobalSection
	GlobalSection(SolutionProperties) = preSolution
		HideSolutionNode = FALSE
	EndGlobalSection
	GlobalSection(ExtensibilityGlobals) = postSolution
		SolutionGuid = {98146392-ECEB-43BD-A00C-B3C4751DA317}
	EndGlobalSection
EndGlobal
